// !$*UTF8*$!
{
	archiveVersion = 1;
	classes = {
	};
	objectVersion = 77;
	objects = {

/* Begin PBXBuildFile section */
		31282AFC2DE3C46400C3782A /* ATMacro in Frameworks */ = {isa = PBXBuildFile; productRef = 31282AFB2DE3C46400C3782A /* ATMacro */; };
		31282AFE2DE3C46400C3782A /* ATProtoKit in Frameworks */ = {isa = PBXBuildFile; productRef = 31282AFD2DE3C46400C3782A /* ATProtoKit */; };
/* End PBXBuildFile section */

/* Begin PBXContainerItemProxy section */
		317CC5782DE128D200AFFD5C /* PBXContainerItemProxy */ = {
			isa = PBXContainerItemProxy;
			containerPortal = 317CC55E2DE128D000AFFD5C /* Project object */;
			proxyType = 1;
			remoteGlobalIDString = 317CC5652DE128D000AFFD5C;
			remoteInfo = Vox;
		};
		317CC5822DE128D200AFFD5C /* PBXContainerItemProxy */ = {
			isa = PBXContainerItemProxy;
			containerPortal = 317CC55E2DE128D000AFFD5C /* Project object */;
			proxyType = 1;
			remoteGlobalIDString = 317CC5652DE128D000AFFD5C;
			remoteInfo = Vox;
		};
/* End PBXContainerItemProxy section */

/* Begin PBXFileReference section */
		313463882DE7C8F0008FFB06 /* Info.plist */ = {isa = PBXFileReference; lastKnownFileType = text.plist; name = Info.plist; path = Vox/Info.plist; sourceTree = "<group>"; };
		317CC5662DE128D000AFFD5C /* Vox.app */ = {isa = PBXFileReference; explicitFileType = wrapper.application; includeInIndex = 0; path = Vox.app; sourceTree = BUILT_PRODUCTS_DIR; };
		317CC5772DE128D200AFFD5C /* VoxTests.xctest */ = {isa = PBXFileReference; explicitFileType = wrapper.cfbundle; includeInIndex = 0; path = VoxTests.xctest; sourceTree = BUILT_PRODUCTS_DIR; };
		317CC5812DE128D200AFFD5C /* VoxUITests.xctest */ = {isa = PBXFileReference; explicitFileType = wrapper.cfbundle; includeInIndex = 0; path = VoxUITests.xctest; sourceTree = BUILT_PRODUCTS_DIR; };
/* End PBXFileReference section */

/* Begin PBXFileSystemSynchronizedRootGroup section */
		317CC5682DE128D000AFFD5C /* App */ = {
			isa = PBXFileSystemSynchronizedRootGroup;
			path = App;
			sourceTree = "<group>";
		};
		317CC5B72DE12E9F00AFFD5C /* Features */ = {
			isa = PBXFileSystemSynchronizedRootGroup;
			path = Features;
			sourceTree = "<group>";
		};
		317CC5B92DE12EB700AFFD5C /* Core */ = {
			isa = PBXFileSystemSynchronizedRootGroup;
			path = Core;
			sourceTree = "<group>";
		};
		317CC5BB2DE12EF800AFFD5C /* UI */ = {
			isa = PBXFileSystemSynchronizedRootGroup;
			path = UI;
			sourceTree = "<group>";
		};
		317CC5BC2DE12EFE00AFFD5C /* Utils */ = {
			isa = PBXFileSystemSynchronizedRootGroup;
			path = Utils;
			sourceTree = "<group>";
		};
		317CC5BD2DE12F0700AFFD5C /* Models */ = {
			isa = PBXFileSystemSynchronizedRootGroup;
			path = Models;
			sourceTree = "<group>";
		};
		317CC5BE2DE12F0F00AFFD5C /* Config */ = {
			isa = PBXFileSystemSynchronizedRootGroup;
			path = Config;
			sourceTree = "<group>";
		};
/* End PBXFileSystemSynchronizedRootGroup section */

/* Begin PBXFrameworksBuildPhase section */
		317CC5632DE128D000AFFD5C /* Frameworks */ = {
			isa = PBXFrameworksBuildPhase;
			buildActionMask = 2147483647;
			files = (
				31282AFC2DE3C46400C3782A /* ATMacro in Frameworks */,
				31282AFE2DE3C46400C3782A /* ATProtoKit in Frameworks */,
			);
			runOnlyForDeploymentPostprocessing = 0;
		};
		317CC5742DE128D200AFFD5C /* Frameworks */ = {
			isa = PBXFrameworksBuildPhase;
			buildActionMask = 2147483647;
			files = (
			);
			runOnlyForDeploymentPostprocessing = 0;
		};
		317CC57E2DE128D200AFFD5C /* Frameworks */ = {
			isa = PBXFrameworksBuildPhase;
			buildActionMask = 2147483647;
			files = (
			);
			runOnlyForDeploymentPostprocessing = 0;
		};
/* End PBXFrameworksBuildPhase section */

/* Begin PBXGroup section */
		317CC55D2DE128D000AFFD5C = {
			isa = PBXGroup;
			children = (
				313463882DE7C8F0008FFB06 /* Info.plist */,
				317CC5682DE128D000AFFD5C /* App */,
				317CC5B72DE12E9F00AFFD5C /* Features */,
				317CC5B92DE12EB700AFFD5C /* Core */,
				317CC5BB2DE12EF800AFFD5C /* UI */,
				317CC5BC2DE12EFE00AFFD5C /* Utils */,
				317CC5BD2DE12F0700AFFD5C /* Models */,
				317CC5BE2DE12F0F00AFFD5C /* Config */,
				317CC5672DE128D000AFFD5C /* Products */,
			);
			sourceTree = "<group>";
		};
		317CC5672DE128D000AFFD5C /* Products */ = {
			isa = PBXGroup;
			children = (
				317CC5662DE128D000AFFD5C /* Vox.app */,
				317CC5772DE128D200AFFD5C /* VoxTests.xctest */,
				317CC5812DE128D200AFFD5C /* VoxUITests.xctest */,
			);
			name = Products;
			sourceTree = "<group>";
		};
/* End PBXGroup section */

/* Begin PBXNativeTarget section */
		317CC5652DE128D000AFFD5C /* Vox */ = {
			isa = PBXNativeTarget;
			buildConfigurationList = 317CC58A2DE128D200AFFD5C /* Build configuration list for PBXNativeTarget "Vox" */;
			buildPhases = (
				317CC5622DE128D000AFFD5C /* Sources */,
				317CC5632DE128D000AFFD5C /* Frameworks */,
				317CC5642DE128D000AFFD5C /* Resources */,
			);
			buildRules = (
			);
			dependencies = (
			);
			fileSystemSynchronizedGroups = (
				317CC5682DE128D000AFFD5C /* App */,
				317CC5B72DE12E9F00AFFD5C /* Features */,
				317CC5B92DE12EB700AFFD5C /* Core */,
				317CC5BB2DE12EF800AFFD5C /* UI */,
				317CC5BC2DE12EFE00AFFD5C /* Utils */,
				317CC5BD2DE12F0700AFFD5C /* Models */,
				317CC5BE2DE12F0F00AFFD5C /* Config */,
			);
			name = Vox;
			packageProductDependencies = (
				31282AFB2DE3C46400C3782A /* ATMacro */,
				31282AFD2DE3C46400C3782A /* ATProtoKit */,
			);
			productName = Vox;
			productReference = 317CC5662DE128D000AFFD5C /* Vox.app */;
			productType = "com.apple.product-type.application";
		};
		317CC5762DE128D200AFFD5C /* VoxTests */ = {
			isa = PBXNativeTarget;
			buildConfigurationList = 317CC58F2DE128D200AFFD5C /* Build configuration list for PBXNativeTarget "VoxTests" */;
			buildPhases = (
				317CC5732DE128D200AFFD5C /* Sources */,
				317CC5742DE128D200AFFD5C /* Frameworks */,
				317CC5752DE128D200AFFD5C /* Resources */,
			);
			buildRules = (
			);
			dependencies = (
				317CC5792DE128D200AFFD5C /* PBXTargetDependency */,
			);
			name = VoxTests;
			packageProductDependencies = (
			);
			productName = VoxTests;
			productReference = 317CC5772DE128D200AFFD5C /* VoxTests.xctest */;
			productType = "com.apple.product-type.bundle.unit-test";
		};
		317CC5802DE128D200AFFD5C /* VoxUITests */ = {
			isa = PBXNativeTarget;
			buildConfigurationList = 317CC5922DE128D200AFFD5C /* Build configuration list for PBXNativeTarget "VoxUITests" */;
			buildPhases = (
				317CC57D2DE128D200AFFD5C /* Sources */,
				317CC57E2DE128D200AFFD5C /* Frameworks */,
				317CC57F2DE128D200AFFD5C /* Resources */,
			);
			buildRules = (
			);
			dependencies = (
				317CC5832DE128D200AFFD5C /* PBXTargetDependency */,
			);
			name = VoxUITests;
			packageProductDependencies = (
			);
			productName = VoxUITests;
			productReference = 317CC5812DE128D200AFFD5C /* VoxUITests.xctest */;
			productType = "com.apple.product-type.bundle.ui-testing";
		};
/* End PBXNativeTarget section */

/* Begin PBXProject section */
		317CC55E2DE128D000AFFD5C /* Project object */ = {
			isa = PBXProject;
			attributes = {
				BuildIndependentTargetsInParallel = 1;
				LastSwiftUpdateCheck = 1630;
				LastUpgradeCheck = 1630;
				TargetAttributes = {
					317CC5652DE128D000AFFD5C = {
						CreatedOnToolsVersion = 16.3;
					};
					317CC5762DE128D200AFFD5C = {
						CreatedOnToolsVersion = 16.3;
						TestTargetID = 317CC5652DE128D000AFFD5C;
					};
					317CC5802DE128D200AFFD5C = {
						CreatedOnToolsVersion = 16.3;
						TestTargetID = 317CC5652DE128D000AFFD5C;
					};
				};
			};
			buildConfigurationList = 317CC5612DE128D000AFFD5C /* Build configuration list for PBXProject "Vox" */;
			developmentRegion = en;
			hasScannedForEncodings = 0;
			knownRegions = (
				en,
				Base,
			);
			mainGroup = 317CC55D2DE128D000AFFD5C;
			minimizedProjectReferenceProxies = 1;
			packageReferences = (
				31282AFA2DE3C46400C3782A /* XCRemoteSwiftPackageReference "ATProtoKit" */,
			);
			preferredProjectObjectVersion = 77;
			productRefGroup = 317CC5672DE128D000AFFD5C /* Products */;
			projectDirPath = "";
			projectRoot = "";
			targets = (
				317CC5652DE128D000AFFD5C /* Vox */,
				317CC5762DE128D200AFFD5C /* VoxTests */,
				317CC5802DE128D200AFFD5C /* VoxUITests */,
			);
		};
/* End PBXProject section */

/* Begin PBXResourcesBuildPhase section */
		317CC5642DE128D000AFFD5C /* Resources */ = {
			isa = PBXResourcesBuildPhase;
			buildActionMask = 2147483647;
			files = (
			);
			runOnlyForDeploymentPostprocessing = 0;
		};
		317CC5752DE128D200AFFD5C /* Resources */ = {
			isa = PBXResourcesBuildPhase;
			buildActionMask = 2147483647;
			files = (
			);
			runOnlyForDeploymentPostprocessing = 0;
		};
		317CC57F2DE128D200AFFD5C /* Resources */ = {
			isa = PBXResourcesBuildPhase;
			buildActionMask = 2147483647;
			files = (
			);
			runOnlyForDeploymentPostprocessing = 0;
		};
/* End PBXResourcesBuildPhase section */

/* Begin PBXSourcesBuildPhase section */
		317CC5622DE128D000AFFD5C /* Sources */ = {
			isa = PBXSourcesBuildPhase;
			buildActionMask = 2147483647;
			files = (
			);
			runOnlyForDeploymentPostprocessing = 0;
		};
		317CC5732DE128D200AFFD5C /* Sources */ = {
			isa = PBXSourcesBuildPhase;
			buildActionMask = 2147483647;
			files = (
			);
			runOnlyForDeploymentPostprocessing = 0;
		};
		317CC57D2DE128D200AFFD5C /* Sources */ = {
			isa = PBXSourcesBuildPhase;
			buildActionMask = 2147483647;
			files = (
			);
			runOnlyForDeploymentPostprocessing = 0;
		};
/* End PBXSourcesBuildPhase section */

/* Begin PBXTargetDependency section */
		317CC5792DE128D200AFFD5C /* PBXTargetDependency */ = {
			isa = PBXTargetDependency;
			target = 317CC5652DE128D000AFFD5C /* Vox */;
			targetProxy = 317CC5782DE128D200AFFD5C /* PBXContainerItemProxy */;
		};
		317CC5832DE128D200AFFD5C /* PBXTargetDependency */ = {
			isa = PBXTargetDependency;
			target = 317CC5652DE128D000AFFD5C /* Vox */;
			targetProxy = 317CC5822DE128D200AFFD5C /* PBXContainerItemProxy */;
		};
/* End PBXTargetDependency section */

/* Begin XCBuildConfiguration section */
		317CC58B2DE128D200AFFD5C /* Debug */ = {
			isa = XCBuildConfiguration;
			buildSettings = {
				ASSETCATALOG_COMPILER_APPICON_NAME = AppIcon;
				ASSETCATALOG_COMPILER_GLOBAL_ACCENT_COLOR_NAME = AccentColor;
				CODE_SIGN_ENTITLEMENTS = App/Vox.entitlements;
				CODE_SIGN_IDENTITY = "Apple Development";
				CODE_SIGN_STYLE = Automatic;
				CREATE_INFOPLIST_SECTION_IN_BINARY = NO;
				CURRENT_PROJECT_VERSION = 1;
				DEVELOPMENT_TEAM = R86N73ZKCW;
				ENABLE_PREVIEWS = YES;
				GENERATE_INFOPLIST_FILE = YES;
				INFOPLIST_FILE = Vox/Info.plist;
				INFOPLIST_KEY_UIApplicationSceneManifest_Generation = YES;
				INFOPLIST_KEY_UIApplicationSupportsIndirectInputEvents = YES;
				INFOPLIST_KEY_UILaunchScreen_Generation = YES;
				INFOPLIST_KEY_UISupportedInterfaceOrientations_iPhone = "UIInterfaceOrientationPortrait UIInterfaceOrientationLandscapeLeft UIInterfaceOrientationLandscapeRight";
				LD_RUNPATH_SEARCH_PATHS = (
					"$(inherited)",
					"@executable_path/Frameworks",
				);
				MARKETING_VERSION = 1.0;
				PRODUCT_BUNDLE_IDENTIFIER = "Ergo-Sum.Vox";
				PRODUCT_NAME = "$(TARGET_NAME)";
				PROVISIONING_PROFILE_SPECIFIER = "";
				SWIFT_EMIT_LOC_STRINGS = YES;
				SWIFT_VERSION = 5.0;
				TARGETED_DEVICE_FAMILY = 1;
			};
			name = Debug;
		};
		317CC58C2DE128D200AFFD5C /* Release */ = {
			isa = XCBuildConfiguration;
			buildSettings = {
				ASSETCATALOG_COMPILER_APPICON_NAME = AppIcon;
				ASSETCATALOG_COMPILER_GLOBAL_ACCENT_COLOR_NAME = AccentColor;
				CODE_SIGN_ENTITLEMENTS = App/Vox.entitlements;
				CODE_SIGN_IDENTITY = "Apple Development";
				CODE_SIGN_STYLE = Automatic;
				CREATE_INFOPLIST_SECTION_IN_BINARY = NO;
				CURRENT_PROJECT_VERSION = 1;
				DEVELOPMENT_TEAM = R86N73ZKCW;
				ENABLE_PREVIEWS = YES;
				GENERATE_INFOPLIST_FILE = YES;
				INFOPLIST_FILE = Vox/Info.plist;
				INFOPLIST_KEY_UIApplicationSceneManifest_Generation = YES;
				INFOPLIST_KEY_UIApplicationSupportsIndirectInputEvents = YES;
				INFOPLIST_KEY_UILaunchScreen_Generation = YES;
				INFOPLIST_KEY_UISupportedInterfaceOrientations_iPhone = "UIInterfaceOrientationPortrait UIInterfaceOrientationLandscapeLeft UIInterfaceOrientationLandscapeRight";
				LD_RUNPATH_SEARCH_PATHS = (
					"$(inherited)",
					"@executable_path/Frameworks",
				);
				MARKETING_VERSION = 1.0;
				PRODUCT_BUNDLE_IDENTIFIER = "Ergo-Sum.Vox";
				PRODUCT_NAME = "$(TARGET_NAME)";
				PROVISIONING_PROFILE_SPECIFIER = "";
				SWIFT_EMIT_LOC_STRINGS = YES;
				SWIFT_VERSION = 5.0;
				TARGETED_DEVICE_FAMILY = 1;
			};
			name = Release;
		};
		317CC58D2DE128D200AFFD5C /* Debug */ = {
			isa = XCBuildConfiguration;
			buildSettings = {
				ALWAYS_SEARCH_USER_PATHS = NO;
				ASSETCATALOG_COMPILER_GENERATE_SWIFT_ASSET_SYMBOL_EXTENSIONS = YES;
				CLANG_ANALYZER_NONNULL = YES;
				CLANG_ANALYZER_NUMBER_OBJECT_CONVERSION = YES_AGGRESSIVE;
				CLANG_CXX_LANGUAGE_STANDARD = "gnu++20";
				CLANG_ENABLE_MODULES = YES;
				CLANG_ENABLE_OBJC_ARC = YES;
				CLANG_ENABLE_OBJC_WEAK = YES;
				CLANG_WARN_BLOCK_CAPTURE_AUTORELEASING = YES;
				CLANG_WARN_BOOL_CONVERSION = YES;
				CLANG_WARN_COMMA = YES;
				CLANG_WARN_CONSTANT_CONVERSION = YES;
				CLANG_WARN_DEPRECATED_OBJC_IMPLEMENTATIONS = YES;
				CLANG_WARN_DIRECT_OBJC_ISA_USAGE = YES_ERROR;
				CLANG_WARN_DOCUMENTATION_COMMENTS = YES;
				CLANG_WARN_EMPTY_BODY = YES;
				CLANG_WARN_ENUM_CONVERSION = YES;
				CLANG_WARN_INFINITE_RECURSION = YES;
				CLANG_WARN_INT_CONVERSION = YES;
				CLANG_WARN_NON_LITERAL_NULL_CONVERSION = YES;
				CLANG_WARN_OBJC_IMPLICIT_RETAIN_SELF = YES;
				CLANG_WARN_OBJC_LITERAL_CONVERSION = YES;
				CLANG_WARN_OBJC_ROOT_CLASS = YES_ERROR;
				CLANG_WARN_QUOTED_INCLUDE_IN_FRAMEWORK_HEADER = YES;
				CLANG_WARN_RANGE_LOOP_ANALYSIS = YES;
				CLANG_WARN_STRICT_PROTOTYPES = YES;
				CLANG_WARN_SUSPICIOUS_MOVE = YES;
				CLANG_WARN_UNGUARDED_AVAILABILITY = YES_AGGRESSIVE;
				CLANG_WARN_UNREACHABLE_CODE = YES;
				CLANG_WARN__DUPLICATE_METHOD_MATCH = YES;
				COPY_PHASE_STRIP = NO;
				DEBUG_INFORMATION_FORMAT = dwarf;
				ENABLE_STRICT_OBJC_MSGSEND = YES;
				ENABLE_TESTABILITY = YES;
				ENABLE_USER_SCRIPT_SANDBOXING = YES;
				GCC_C_LANGUAGE_STANDARD = gnu17;
				GCC_DYNAMIC_NO_PIC = NO;
				GCC_NO_COMMON_BLOCKS = YES;
				GCC_OPTIMIZATION_LEVEL = 0;
				GCC_PREPROCESSOR_DEFINITIONS = (
					"DEBUG=1",
					"$(inherited)",
				);
				GCC_WARN_64_TO_32_BIT_CONVERSION = YES;
				GCC_WARN_ABOUT_RETURN_TYPE = YES_ERROR;
				GCC_WARN_UNDECLARED_SELECTOR = YES;
				GCC_WARN_UNINITIALIZED_AUTOS = YES_AGGRESSIVE;
				GCC_WARN_UNUSED_FUNCTION = YES;
				GCC_WARN_UNUSED_VARIABLE = YES;
				IPHONEOS_DEPLOYMENT_TARGET = 18.4;
				LOCALIZATION_PREFERS_STRING_CATALOGS = YES;
				MTL_ENABLE_DEBUG_INFO = INCLUDE_SOURCE;
				MTL_FAST_MATH = YES;
				ONLY_ACTIVE_ARCH = YES;
				SDKROOT = iphoneos;
				SWIFT_ACTIVE_COMPILATION_CONDITIONS = "DEBUG $(inherited)";
				SWIFT_OPTIMIZATION_LEVEL = "-Onone";
			};
			name = Debug;
		};
		317CC58E2DE128D200AFFD5C /* Release */ = {
			isa = XCBuildConfiguration;
			buildSettings = {
				ALWAYS_SEARCH_USER_PATHS = NO;
				ASSETCATALOG_COMPILER_GENERATE_SWIFT_ASSET_SYMBOL_EXTENSIONS = YES;
				CLANG_ANALYZER_NONNULL = YES;
				CLANG_ANALYZER_NUMBER_OBJECT_CONVERSION = YES_AGGRESSIVE;
				CLANG_CXX_LANGUAGE_STANDARD = "gnu++20";
				CLANG_ENABLE_MODULES = YES;
				CLANG_ENABLE_OBJC_ARC = YES;
				CLANG_ENABLE_OBJC_WEAK = YES;
				CLANG_WARN_BLOCK_CAPTURE_AUTORELEASING = YES;
				CLANG_WARN_BOOL_CONVERSION = YES;
				CLANG_WARN_COMMA = YES;
				CLANG_WARN_CONSTANT_CONVERSION = YES;
				CLANG_WARN_DEPRECATED_OBJC_IMPLEMENTATIONS = YES;
				CLANG_WARN_DIRECT_OBJC_ISA_USAGE = YES_ERROR;
				CLANG_WARN_DOCUMENTATION_COMMENTS = YES;
				CLANG_WARN_EMPTY_BODY = YES;
				CLANG_WARN_ENUM_CONVERSION = YES;
				CLANG_WARN_INFINITE_RECURSION = YES;
				CLANG_WARN_INT_CONVERSION = YES;
				CLANG_WARN_NON_LITERAL_NULL_CONVERSION = YES;
				CLANG_WARN_OBJC_IMPLICIT_RETAIN_SELF = YES;
				CLANG_WARN_OBJC_LITERAL_CONVERSION = YES;
				CLANG_WARN_OBJC_ROOT_CLASS = YES_ERROR;
				CLANG_WARN_QUOTED_INCLUDE_IN_FRAMEWORK_HEADER = YES;
				CLANG_WARN_RANGE_LOOP_ANALYSIS = YES;
				CLANG_WARN_STRICT_PROTOTYPES = YES;
				CLANG_WARN_SUSPICIOUS_MOVE = YES;
				CLANG_WARN_UNGUARDED_AVAILABILITY = YES_AGGRESSIVE;
				CLANG_WARN_UNREACHABLE_CODE = YES;
				CLANG_WARN__DUPLICATE_METHOD_MATCH = YES;
				COPY_PHASE_STRIP = NO;
				DEBUG_INFORMATION_FORMAT = "dwarf-with-dsym";
				ENABLE_NS_ASSERTIONS = NO;
				ENABLE_STRICT_OBJC_MSGSEND = YES;
				ENABLE_USER_SCRIPT_SANDBOXING = YES;
				GCC_C_LANGUAGE_STANDARD = gnu17;
				GCC_NO_COMMON_BLOCKS = YES;
				GCC_WARN_64_TO_32_BIT_CONVERSION = YES;
				GCC_WARN_ABOUT_RETURN_TYPE = YES_ERROR;
				GCC_WARN_UNDECLARED_SELECTOR = YES;
				GCC_WARN_UNINITIALIZED_AUTOS = YES_AGGRESSIVE;
				GCC_WARN_UNUSED_FUNCTION = YES;
				GCC_WARN_UNUSED_VARIABLE = YES;
				IPHONEOS_DEPLOYMENT_TARGET = 18.4;
				LOCALIZATION_PREFERS_STRING_CATALOGS = YES;
				MTL_ENABLE_DEBUG_INFO = NO;
				MTL_FAST_MATH = YES;
				SDKROOT = iphoneos;
				SWIFT_COMPILATION_MODE = wholemodule;
				VALIDATE_PRODUCT = YES;
			};
			name = Release;
		};
		317CC5902DE128D200AFFD5C /* Debug */ = {
			isa = XCBuildConfiguration;
			buildSettings = {
				BUNDLE_LOADER = "$(TEST_HOST)";
				CODE_SIGN_STYLE = Automatic;
				CURRENT_PROJECT_VERSION = 1;
				GENERATE_INFOPLIST_FILE = YES;
				IPHONEOS_DEPLOYMENT_TARGET = 18.4;
				MARKETING_VERSION = 1.0;
				PRODUCT_BUNDLE_IDENTIFIER = "Ergo-Sum.VoxTests";
				PRODUCT_NAME = "$(TARGET_NAME)";
				SWIFT_EMIT_LOC_STRINGS = NO;
				SWIFT_VERSION = 5.0;
				TARGETED_DEVICE_FAMILY = 1;
				TEST_HOST = "$(BUILT_PRODUCTS_DIR)/Vox.app/$(BUNDLE_EXECUTABLE_FOLDER_PATH)/Vox";
			};
			name = Debug;
		};
		317CC5912DE128D200AFFD5C /* Release */ = {
			isa = XCBuildConfiguration;
			buildSettings = {
				BUNDLE_LOADER = "$(TEST_HOST)";
				CODE_SIGN_STYLE = Automatic;
				CURRENT_PROJECT_VERSION = 1;
				GENERATE_INFOPLIST_FILE = YES;
				IPHONEOS_DEPLOYMENT_TARGET = 18.4;
				MARKETING_VERSION = 1.0;
				PRODUCT_BUNDLE_IDENTIFIER = "Ergo-Sum.VoxTests";
				PRODUCT_NAME = "$(TARGET_NAME)";
				SWIFT_EMIT_LOC_STRINGS = NO;
				SWIFT_VERSION = 5.0;
				TARGETED_DEVICE_FAMILY = 1;
				TEST_HOST = "$(BUILT_PRODUCTS_DIR)/Vox.app/$(BUNDLE_EXECUTABLE_FOLDER_PATH)/Vox";
			};
			name = Release;
		};
		317CC5932DE128D200AFFD5C /* Debug */ = {
			isa = XCBuildConfiguration;
			buildSettings = {
				CODE_SIGN_STYLE = Automatic;
				CURRENT_PROJECT_VERSION = 1;
				GENERATE_INFOPLIST_FILE = YES;
				MARKETING_VERSION = 1.0;
				PRODUCT_BUNDLE_IDENTIFIER = "Ergo-Sum.VoxUITests";
				PRODUCT_NAME = "$(TARGET_NAME)";
				SWIFT_EMIT_LOC_STRINGS = NO;
				SWIFT_VERSION = 5.0;
				TARGETED_DEVICE_FAMILY = 1;
				TEST_TARGET_NAME = Vox;
			};
			name = Debug;
		};
		317CC5942DE128D200AFFD5C /* Release */ = {
			isa = XCBuildConfiguration;
			buildSettings = {
				CODE_SIGN_STYLE = Automatic;
				CURRENT_PROJECT_VERSION = 1;
				GENERATE_INFOPLIST_FILE = YES;
				MARKETING_VERSION = 1.0;
				PRODUCT_BUNDLE_IDENTIFIER = "Ergo-Sum.VoxUITests";
				PRODUCT_NAME = "$(TARGET_NAME)";
				SWIFT_EMIT_LOC_STRINGS = NO;
				SWIFT_VERSION = 5.0;
				TARGETED_DEVICE_FAMILY = 1;
				TEST_TARGET_NAME = Vox;
			};
			name = Release;
		};
/* End XCBuildConfiguration section */

/* Begin XCConfigurationList section */
		317CC5612DE128D000AFFD5C /* Build configuration list for PBXProject "Vox" */ = {
			isa = XCConfigurationList;
			buildConfigurations = (
				317CC58D2DE128D200AFFD5C /* Debug */,
				317CC58E2DE128D200AFFD5C /* Release */,
			);
			defaultConfigurationIsVisible = 0;
			defaultConfigurationName = Release;
		};
		317CC58A2DE128D200AFFD5C /* Build configuration list for PBXNativeTarget "Vox" */ = {
			isa = XCConfigurationList;
			buildConfigurations = (
				317CC58B2DE128D200AFFD5C /* Debug */,
				317CC58C2DE128D200AFFD5C /* Release */,
			);
			defaultConfigurationIsVisible = 0;
			defaultConfigurationName = Release;
		};
		317CC58F2DE128D200AFFD5C /* Build configuration list for PBXNativeTarget "VoxTests" */ = {
			isa = XCConfigurationList;
			buildConfigurations = (
				317CC5902DE128D200AFFD5C /* Debug */,
				317CC5912DE128D200AFFD5C /* Release */,
			);
			defaultConfigurationIsVisible = 0;
			defaultConfigurationName = Release;
		};
		317CC5922DE128D200AFFD5C /* Build configuration list for PBXNativeTarget "VoxUITests" */ = {
			isa = XCConfigurationList;
			buildConfigurations = (
				317CC5932DE128D200AFFD5C /* Debug */,
				317CC5942DE128D200AFFD5C /* Release */,
			);
			defaultConfigurationIsVisible = 0;
			defaultConfigurationName = Release;
		};
/* End XCConfigurationList section */

/* Begin XCRemoteSwiftPackageReference section */
		31282AFA2DE3C46400C3782A /* XCRemoteSwiftPackageReference "ATProtoKit" */ = {
			isa = XCRemoteSwiftPackageReference;
			repositoryURL = "https://github.com/MasterJ93/ATProtoKit.git";
			requirement = {
				kind = upToNextMajorVersion;
				minimumVersion = 0.26.8;
			};
		};
/* End XCRemoteSwiftPackageReference section */

/* Begin XCSwiftPackageProductDependency section */
		31282AFB2DE3C46400C3782A /* ATMacro */ = {
			isa = XCSwiftPackageProductDependency;
			package = 31282AFA2DE3C46400C3782A /* XCRemoteSwiftPackageReference "ATProtoKit" */;
			productName = ATMacro;
		};
		31282AFD2DE3C46400C3782A /* ATProtoKit */ = {
			isa = XCSwiftPackageProductDependency;
			package = 31282AFA2DE3C46400C3782A /* XCRemoteSwiftPackageReference "ATProtoKit" */;
			productName = ATProtoKit;
		};
/* End XCSwiftPackageProductDependency section */
	};
	rootObject = 317CC55E2DE128D000AFFD5C /* Project object */;
}
